
Microsoft Visual Studio Solution File, Format Version 12.00
# Visual Studio Version 17
VisualStudioVersion = 17.4.33122.133
MinimumVisualStudioVersion = 10.0.40219.1
Project("{9A19103F-16F7-4668-BE54-9A1E7A4F7556}") = "Paralelismo", "Paralelismo.csproj", "{65266391-7EA8-4A07-AB9C-B8832F2FB8E8}"
EndProject
Global
	GlobalSection(SolutionConfigurationPlatforms) = preSolution
		Debug|Any CPU = Debug|Any CPU
		Release|Any CPU = Release|Any CPU
	EndGlobalSection
	GlobalSection(ProjectConfigurationPlatforms) = postSolution
		{65266391-7EA8-4A07-AB9C-B8832F2FB8E8}.Debug|Any CPU.ActiveCfg = Debug|Any CPU
		{65266391-7EA8-4A07-AB9C-B8832F2FB8E8}.Debug|Any CPU.Build.0 = Debug|Any CPU
		{65266391-7EA8-4A07-AB9C-B8832F2FB8E8}.Release|Any CPU.ActiveCfg = Release|Any CPU
		{65266391-7EA8-4A07-AB9C-B8832F2FB8E8}.Release|Any CPU.Build.0 = Release|Any CPU
	EndGlobalSection
	GlobalSection(SolutionProperties) = preSolution
		HideSolutionNode = FALSE
	EndGlobalSection
	GlobalSection(ExtensibilityGlobals) = postSolution
		SolutionGuid = {06D8377F-6795-4CB9-B61B-296E6F91A545}
	EndGlobalSection
EndGlobal
